
Microsoft Visual Studio Solution File, Format Version 12.00
# Visual Studio Version 17
VisualStudioVersion = 17.4.33213.308
MinimumVisualStudioVersion = 10.0.40219.1
Project("{9A19103F-16F7-4668-BE54-9A1E7A4F7556}") = "RazorPage", "RazorPage\RazorPage.csproj", "{B70F4FFD-8385-4A43-9206-EA5EF3D93C2F}"
EndProject
Global
	GlobalSection(SolutionConfigurationPlatforms) = preSolution
		Debug|Any CPU = Debug|Any CPU
		Release|Any CPU = Release|Any CPU
	EndGlobalSection
	GlobalSection(ProjectConfigurationPlatforms) = postSolution
		{B70F4FFD-8385-4A43-9206-EA5EF3D93C2F}.Debug|Any CPU.ActiveCfg = Debug|Any CPU
		{B70F4FFD-8385-4A43-9206-EA5EF3D93C2F}.Debug|Any CPU.Build.0 = Debug|Any CPU
		{B70F4FFD-8385-4A43-9206-EA5EF3D93C2F}.Release|Any CPU.ActiveCfg = Release|Any CPU
		{B70F4FFD-8385-4A43-9206-EA5EF3D93C2F}.Release|Any CPU.Build.0 = Release|Any CPU
	EndGlobalSection
	GlobalSection(SolutionProperties) = preSolution
		HideSolutionNode = FALSE
	EndGlobalSection
	GlobalSection(ExtensibilityGlobals) = postSolution
		SolutionGuid = {A968E3DC-C9D3-4BA4-8FBB-65471AE53E98}
	EndGlobalSection
EndGlobal
